[[package]]
category = "main"
description = "Matrices describing affine transformation of the plane."
name = "affine"
optional = true
python-versions = "*"
version = "2.3.0"

[package.extras]
test = ["pytest (>=3.0)", "pytest-cov", "pydocstyle", "coveralls"]

[[package]]
category = "main"
description = "Classes Without Boilerplate"
name = "attrs"
optional = true
python-versions = ">=2.7, !=3.0.*, !=3.1.*, !=3.2.*, !=3.3.*"
version = "20.1.0"

[package.extras]
dev = ["coverage (>=5.0.2)", "hypothesis", "pympler", "pytest (>=4.3.0)", "six", "zope.interface", "sphinx", "sphinx-rtd-theme", "pre-commit"]
docs = ["sphinx", "sphinx-rtd-theme", "zope.interface"]
tests = ["coverage (>=5.0.2)", "hypothesis", "pympler", "pytest (>=4.3.0)", "six", "zope.interface"]

[[package]]
category = "dev"
description = "The AWS SDK for Python"
name = "boto3"
optional = false
python-versions = "*"
version = "1.12.49"

[package.dependencies]
botocore = ">=1.15.49,<1.16.0"
jmespath = ">=0.7.1,<1.0.0"
s3transfer = ">=0.3.0,<0.4.0"

[[package]]
category = "main"
description = "Low-level, data-driven core of boto 3."
name = "botocore"
optional = false
python-versions = "*"
version = "1.15.49"

[package.dependencies]
docutils = ">=0.10,<0.16"
jmespath = ">=0.7.1,<1.0.0"
python-dateutil = ">=2.1,<3.0.0"

[package.dependencies.urllib3]
python = "<3.4.0 || >=3.5.0"
version = ">=1.20,<1.26"

[[package]]
category = "main"
description = "Python package for providing Mozilla's CA Bundle."
name = "certifi"
optional = false
python-versions = "*"
version = "2020.6.20"

[[package]]
category = "main"
description = "Universal encoding detector for Python 2 and 3"
name = "chardet"
optional = false
python-versions = "*"
version = "3.0.4"

[[package]]
category = "main"
description = "Composable command line interface toolkit"
name = "click"
optional = true
python-versions = ">=2.7, !=3.0.*, !=3.1.*, !=3.2.*, !=3.3.*, !=3.4.*"
version = "7.1.2"

[[package]]
category = "main"
description = "An extension module for click to enable registering CLI commands via setuptools entry-points."
name = "click-plugins"
optional = true
python-versions = "*"
version = "1.1.1"

[package.dependencies]
click = ">=4.0"

[package.extras]
dev = ["pytest (>=3.6)", "pytest-cov", "wheel", "coveralls"]

[[package]]
category = "main"
description = "Click params for commmand line interfaces to GeoJSON"
name = "cligj"
optional = true
python-versions = "*"
version = "0.5.0"

[package.dependencies]
click = ">=4.0,<8"

[package.extras]
test = ["pytest-cov"]

[[package]]
category = "main"
description = "A backport of the dataclasses module for Python 3.6"
marker = "python_version >= \"3.6.0\" and python_version < \"3.7.0\""
name = "dataclasses"
optional = false
python-versions = ">=3.6, <3.7"
version = "0.7"

[[package]]
category = "main"
description = "Docutils -- Python Documentation Utilities"
name = "docutils"
optional = false
python-versions = ">=2.6, !=3.0.*, !=3.1.*, !=3.2.*"
version = "0.15.2"

[[package]]
category = "main"
description = "Python support for Parquet file format"
name = "fastparquet"
optional = true
python-versions = ">=3.6,"
version = "0.4.1"

[package.dependencies]
numba = ">=0.28"
numpy = ">=1.11"
packaging = "*"
pandas = ">=0.19"
six = "*"
thrift = ">=0.11.0"

[package.extras]
brotli = ["brotli"]
lz4 = ["lz4 (>=0.19.1)"]
lzo = ["python-lzo"]
snappy = ["python-snappy"]
zstandard = ["zstandard"]
zstd = ["zstd"]

[[package]]
category = "main"
description = "Fiona reads and writes spatial data files"
name = "fiona"
optional = true
python-versions = "*"
version = "1.8.13.post1"

[package.dependencies]
attrs = ">=17"
click = ">=4.0,<8"
click-plugins = ">=1.0"
cligj = ">=0.5"
munch = "*"
six = ">=1.7"

[package.extras]
all = ["shapely", "boto3 (>=1.2.4)", "pytest (>=3)", "pytest-cov", "mock"]
calc = ["shapely"]
s3 = ["boto3 (>=1.2.4)"]
test = ["pytest (>=3)", "pytest-cov", "boto3 (>=1.2.4)", "mock"]

[[package]]
category = "main"
description = "File-system specification"
name = "fsspec"
optional = true
python-versions = ">3.5"
version = "0.8.0"

[[package]]
category = "main"
description = "Clean single-source support for Python 3 and 2"
name = "future"
optional = true
python-versions = ">=2.6, !=3.0.*, !=3.1.*, !=3.2.*"
version = "0.18.2"

[[package]]
category = "main"
description = "Python bindings and utilities for GeoJSON"
name = "geojson"
optional = true
python-versions = "*"
version = "2.5.0"

[[package]]
category = "main"
description = "Geographic pandas extensions"
name = "geopandas"
optional = true
python-versions = "*"
version = "0.6.3"

[package.dependencies]
fiona = "*"
pandas = ">=0.23.0"
pyproj = "*"
shapely = "*"

[[package]]
category = "main"
description = "Internationalized Domain Names in Applications (IDNA)"
name = "idna"
optional = false
python-versions = ">=2.7, !=3.0.*, !=3.1.*, !=3.2.*, !=3.3.*"
version = "2.10"

[[package]]
category = "main"
description = "JSON Matching Expressions"
name = "jmespath"
optional = false
python-versions = "*"
version = "0.9.5"

[[package]]
category = "main"
description = "lightweight wrapper around basic LLVM functionality"
name = "llvmlite"
optional = true
python-versions = ">=3.6"
version = "0.34.0"

[[package]]
category = "main"
description = "A dot-accessible dictionary (a la JavaScript objects)"
name = "munch"
optional = true
python-versions = "*"
version = "2.5.0"

[package.dependencies]
six = "*"

[package.extras]
testing = ["pytest", "coverage", "astroid (>=1.5.3,<1.6.0)", "pylint (>=1.7.2,<1.8.0)", "astroid (>=2.0)", "pylint (>=2.3.1,<2.4.0)"]
yaml = ["PyYAML (>=5.1.0)"]

[[package]]
category = "main"
description = "compiling Python code using LLVM"
name = "numba"
optional = true
python-versions = ">=3.6"
version = "0.51.0"

[package.dependencies]
llvmlite = ">=0.34.0.dev0,<0.35"
numpy = ">=1.15"
setuptools = "*"

[[package]]
category = "main"
description = "NumPy is the fundamental package for array computing with Python."
name = "numpy"
optional = true
python-versions = ">=3.6"
version = "1.19.1"

[[package]]
category = "main"
description = "Core utilities for Python packages"
name = "packaging"
optional = true
python-versions = ">=2.7, !=3.0.*, !=3.1.*, !=3.2.*, !=3.3.*"
version = "20.4"

[package.dependencies]
pyparsing = ">=2.0.2"
six = "*"

[[package]]
category = "main"
description = "Powerful data structures for data analysis, time series, and statistics"
name = "pandas"
optional = true
python-versions = ">=3.5.3"
version = "0.25.3"

[package.dependencies]
numpy = ">=1.13.3"
python-dateutil = ">=2.6.1"
pytz = ">=2017.2"

[package.extras]
test = ["pytest (>=4.0.2)", "pytest-xdist", "hypothesis (>=3.58)"]

[[package]]
category = "main"
description = "Python library for Apache Arrow"
name = "pyarrow"
optional = true
python-versions = ">=3.5"
version = "1.0.1"

[package.dependencies]
numpy = ">=1.14"

[[package]]
category = "main"
description = "GIS package for reading, writing, and converting between CRS formats."
name = "pycrs"
optional = true
python-versions = "*"
version = "1.0.2"

[[package]]
category = "main"
description = "Python parsing module"
name = "pyparsing"
optional = true
python-versions = ">=2.6, !=3.0.*, !=3.1.*, !=3.2.*"
version = "2.4.7"

[[package]]
category = "main"
description = "Python interface to PROJ (cartographic projections and coordinate transformations library)"
name = "pyproj"
optional = true
python-versions = ">=3.5"
version = "2.4.2"

[[package]]
category = "main"
description = "Extensions to the standard Python datetime module"
name = "python-dateutil"
optional = false
python-versions = "!=3.0.*,!=3.1.*,!=3.2.*,>=2.7"
version = "2.8.1"

[package.dependencies]
six = ">=1.5"

[[package]]
category = "main"
description = "World timezone definitions, modern and historical"
name = "pytz"
optional = true
python-versions = "*"
version = "2020.1"

[[package]]
category = "main"
description = "Fast and direct raster I/O for use with Numpy and SciPy"
name = "rasterio"
optional = true
python-versions = "*"
version = "1.1.2"

[package.dependencies]
affine = "*"
attrs = "*"
click = ">=4.0,<8"
click-plugins = "*"
cligj = ">=0.5"
numpy = "*"
snuggs = ">=1.4.1"

[package.extras]
all = ["hypothesis", "numpydoc", "ipython (>=2.0)", "pytest (>=2.8.2)", "pytest-cov (>=2.2.0)", "ghp-import", "sphinx-rtd-theme", "sphinx", "boto3 (>=1.2.4)", "matplotlib", "packaging"]
docs = ["ghp-import", "numpydoc", "sphinx", "sphinx-rtd-theme"]
ipython = ["ipython (>=2.0)"]
plot = ["matplotlib"]
s3 = ["boto3 (>=1.2.4)"]
test = ["pytest (>=2.8.2)", "pytest-cov (>=2.2.0)", "boto3 (>=1.2.4)", "packaging", "hypothesis"]

[[package]]
category = "main"
description = "Summarize geospatial raster datasets based on vector geometries"
name = "rasterstats"
optional = true
python-versions = "*"
version = "0.14.0"

[package.dependencies]
affine = "<3.0"
cligj = ">=0.4"
fiona = "*"
numpy = ">=1.9"
rasterio = ">=1.0"
shapely = "*"
simplejson = "*"

[[package]]
category = "main"
description = "Python HTTP for Humans."
name = "requests"
optional = false
python-versions = ">=2.7, !=3.0.*, !=3.1.*, !=3.2.*, !=3.3.*, !=3.4.*"
version = "2.24.0"

[package.dependencies]
certifi = ">=2017.4.17"
chardet = ">=3.0.2,<4"
idna = ">=2.5,<3"
urllib3 = ">=1.21.1,<1.25.0 || >1.25.0,<1.25.1 || >1.25.1,<1.26"

[package.extras]
security = ["pyOpenSSL (>=0.14)", "cryptography (>=1.3.4)"]
socks = ["PySocks (>=1.5.6,<1.5.7 || >1.5.7)", "win-inet-pton"]

[[package]]
category = "main"
description = "Python implementation of the S2 Geometry Library"
name = "s2sphere"
optional = true
python-versions = "*"
version = "0.2.5"

[package.dependencies]
future = ">=0.15"

[package.extras]
docs = ["Sphinx (>=1.6.5)", "sphinx-rtd-theme (>=0.1.9)"]
tests = ["flake8 (>=2.5.4)", "hacking (>=0.11.0)", "nose (>=1.3.4)", "numpy (>=1.11.0)"]

[[package]]
category = "main"
description = "Convenient Filesystem interface over S3"
name = "s3fs"
optional = true
python-versions = ">= 3.5"
version = "0.4.2"

[package.dependencies]
botocore = ">=1.12.91"
fsspec = ">=0.6.0"

[[package]]
category = "dev"
description = "An Amazon S3 Transfer Manager"
name = "s3transfer"
optional = false
python-versions = "*"
version = "0.3.3"

[package.dependencies]
botocore = ">=1.12.36,<2.0a.0"

[[package]]
category = "main"
description = "Geometric objects, predicates, and operations"
name = "shapely"
optional = true
python-versions = "*"
version = "1.7.0"

[package.extras]
all = ["pytest", "pytest-cov", "numpy"]
test = ["pytest", "pytest-cov"]
vectorized = ["numpy"]

[[package]]
category = "main"
description = "Simple, fast, extensible JSON encoder/decoder for Python"
name = "simplejson"
optional = true
python-versions = ">=2.5, !=3.0.*, !=3.1.*, !=3.2.*"
version = "3.17.2"

[[package]]
category = "main"
description = "Python 2 and 3 compatibility utilities"
name = "six"
optional = false
python-versions = ">=2.7, !=3.0.*, !=3.1.*, !=3.2.*"
version = "1.14.0"

[[package]]
category = "main"
description = "Snuggs are s-expressions for Numpy"
name = "snuggs"
optional = true
python-versions = "*"
version = "1.4.7"

[package.dependencies]
numpy = "*"
pyparsing = ">=2.1.6"

[package.extras]
test = ["pytest", "hypothesis"]

[[package]]
category = "main"
description = "Python bindings for the Apache Thrift RPC system"
name = "thrift"
optional = true
python-versions = "*"
version = "0.13.0"

[package.dependencies]
six = ">=1.7.2"

[package.extras]
all = ["tornado (>=4.0)", "twisted"]
tornado = ["tornado (>=4.0)"]
twisted = ["twisted"]

[[package]]
category = "main"
description = "HTTP library with thread-safe connection pooling, file post, and more."
name = "urllib3"
optional = false
python-versions = ">=2.7, !=3.0.*, !=3.1.*, !=3.2.*, !=3.3.*, !=3.4.*, <4"
version = "1.25.9"

[package.extras]
brotli = ["brotlipy (>=0.6.0)"]
secure = ["certifi", "cryptography (>=1.3.4)", "idna (>=2.0.0)", "pyOpenSSL (>=0.14)", "ipaddress"]
socks = ["PySocks (>=1.5.6,<1.5.7 || >1.5.7,<2.0)"]

[extras]
fastparquet = ["fastparquet"]
gis = ["numpy", "geopandas", "geojson", "fiona", "pycrs", "pyproj", "shapely", "rasterio", "rasterstats", "s2sphere"]
pyarrow = ["pyarrow"]
s3fs = ["s3fs"]

[metadata]
content-hash = "96eff2baf446713b801312ed56080f3afb2e57bf70219047ceeb94439fe2e735"
lock-version = "1.0"
python-versions = "^3.6"

[metadata.files]
affine = [
    {file = "affine-2.3.0-py2.py3-none-any.whl", hash = "sha256:34b05b070d954c382e56f02c207a372d8a32621a87653cc30cdd31cd7f65799f"},
    {file = "affine-2.3.0.tar.gz", hash = "sha256:2e045def1aa29e613c42e801a7e10e0b9bacfed1a7c6af0cadf8843530a15102"},
]
attrs = [
    {file = "attrs-20.1.0-py2.py3-none-any.whl", hash = "sha256:2867b7b9f8326499ab5b0e2d12801fa5c98842d2cbd22b35112ae04bf85b4dff"},
    {file = "attrs-20.1.0.tar.gz", hash = "sha256:0ef97238856430dcf9228e07f316aefc17e8939fc8507e18c6501b761ef1a42a"},
]
boto3 = [
    {file = "boto3-1.12.49-py2.py3-none-any.whl", hash = "sha256:5a8c918c04015147f40e498994cd85c9442f6e00b4cf87ffb04f15d6a24135f4"},
    {file = "boto3-1.12.49.tar.gz", hash = "sha256:7b82123d25100c834b71868d60e66fca37e0691edd444fb149d004ab00bea3b4"},
]
botocore = [
    {file = "botocore-1.15.49-py2.py3-none-any.whl", hash = "sha256:b805691b4dedcb2a252f52347479ff351429624a873f001b6a1c81aca03dccee"},
    {file = "botocore-1.15.49.tar.gz", hash = "sha256:a474131ba7a7d700b91696a27e8cdcf1b473084addf92f90b269ebd8f5c3d3e0"},
]
certifi = [
    {file = "certifi-2020.6.20-py2.py3-none-any.whl", hash = "sha256:8fc0819f1f30ba15bdb34cceffb9ef04d99f420f68eb75d901e9560b8749fc41"},
    {file = "certifi-2020.6.20.tar.gz", hash = "sha256:5930595817496dd21bb8dc35dad090f1c2cd0adfaf21204bf6732ca5d8ee34d3"},
]
chardet = [
    {file = "chardet-3.0.4-py2.py3-none-any.whl", hash = "sha256:fc323ffcaeaed0e0a02bf4d117757b98aed530d9ed4531e3e15460124c106691"},
    {file = "chardet-3.0.4.tar.gz", hash = "sha256:84ab92ed1c4d4f16916e05906b6b75a6c0fb5db821cc65e70cbd64a3e2a5eaae"},
]
click = [
    {file = "click-7.1.2-py2.py3-none-any.whl", hash = "sha256:dacca89f4bfadd5de3d7489b7c8a566eee0d3676333fbb50030263894c38c0dc"},
    {file = "click-7.1.2.tar.gz", hash = "sha256:d2b5255c7c6349bc1bd1e59e08cd12acbbd63ce649f2588755783aa94dfb6b1a"},
]
click-plugins = [
    {file = "click-plugins-1.1.1.tar.gz", hash = "sha256:46ab999744a9d831159c3411bb0c79346d94a444df9a3a3742e9ed63645f264b"},
    {file = "click_plugins-1.1.1-py2.py3-none-any.whl", hash = "sha256:5d262006d3222f5057fd81e1623d4443e41dcda5dc815c06b442aa3c02889fc8"},
]
cligj = [
    {file = "cligj-0.5.0-py2-none-any.whl", hash = "sha256:60c93dda4499562eb87509a8ff3535a7441053b766c9c26bcf874a732f939c7c"},
    {file = "cligj-0.5.0-py3-none-any.whl", hash = "sha256:20f24ce9abfde3f758aec3399e6811b936b6772f360846c662c19bf5537b4f14"},
    {file = "cligj-0.5.0.tar.gz", hash = "sha256:6c7d52d529a78712491974f975c33473f430c0f7beb18c0d7a402a743dcb460a"},
]
dataclasses = [
    {file = "dataclasses-0.7-py3-none-any.whl", hash = "sha256:3459118f7ede7c8bea0fe795bff7c6c2ce287d01dd226202f7c9ebc0610a7836"},
    {file = "dataclasses-0.7.tar.gz", hash = "sha256:494a6dcae3b8bcf80848eea2ef64c0cc5cd307ffc263e17cdf42f3e5420808e6"},
]
docutils = [
    {file = "docutils-0.15.2-py2-none-any.whl", hash = "sha256:9e4d7ecfc600058e07ba661411a2b7de2fd0fafa17d1a7f7361cd47b1175c827"},
    {file = "docutils-0.15.2-py3-none-any.whl", hash = "sha256:6c4f696463b79f1fb8ba0c594b63840ebd41f059e92b31957c46b74a4599b6d0"},
    {file = "docutils-0.15.2.tar.gz", hash = "sha256:a2aeea129088da402665e92e0b25b04b073c04b2dce4ab65caaa38b7ce2e1a99"},
]
fastparquet = [
    {file = "fastparquet-0.4.1-cp37-cp37m-macosx_10_9_x86_64.whl", hash = "sha256:c231110272c28d681a3cadbbe81a20f74c0a382c4b983107b3e7b625e8fd7251"},
    {file = "fastparquet-0.4.1.tar.gz", hash = "sha256:a6501352c875416471c875ace0ff702a7889e14eeda4c12eaaed8307fd485f6a"},
]
fiona = [
    {file = "Fiona-1.8.13.post1-cp27-cp27m-macosx_10_9_x86_64.whl", hash = "sha256:6d6200a64f0f6fad431a767dd2da62706bf9f683be77bb157b6d0459bb263b7f"},
    {file = "Fiona-1.8.13.post1-cp27-cp27mu-manylinux1_x86_64.whl", hash = "sha256:1c9c6e883e82298293042f7b7f51a5680f50d5a3bb1a61ad179b2d5f7f4d6952"},
    {file = "Fiona-1.8.13.post1-cp35-cp35m-macosx_10_6_intel.whl", hash = "sha256:781d29c21714da4c1c0f118b56bef936a1a935fead8878c22ab57a0d3875e412"},
    {file = "Fiona-1.8.13.post1-cp35-cp35m-manylinux1_x86_64.whl", hash = "sha256:7598ed3ce7a88941a2eab5ffa90b39f8f44113355c39abcbda6920eecdba26b4"},
    {file = "Fiona-1.8.13.post1-cp36-cp36m-macosx_10_9_x86_64.whl", hash = "sha256:3c236a8f9ddfc23ac746f4988526cbed73b43f8f86613a0001c62feb415daadc"},
    {file = "Fiona-1.8.13.post1-cp36-cp36m-manylinux1_x86_64.whl", hash = "sha256:b8ad562b77c76dbff5a9298e1032c87714f079fc80752ca7c9c85edef52039aa"},
    {file = "Fiona-1.8.13.post1-cp37-cp37m-macosx_10_9_x86_64.whl", hash = "sha256:923a64bded457adee795b4f926b8cbb87d58bbafaabded77bc1d47abb2bba5c6"},
    {file = "Fiona-1.8.13.post1-cp37-cp37m-manylinux1_x86_64.whl", hash = "sha256:79c3b80e00c9d055d20aead5d74319f54cdd1384e0d9e1a9e67446da2d74d89c"},
    {file = "Fiona-1.8.13.post1-cp38-cp38-macosx_10_9_x86_64.whl", hash = "sha256:c6e99bf596c2322e134833490611a612a8cce35a39c4c6499b7df919e24b482b"},
    {file = "Fiona-1.8.13.post1-cp38-cp38-manylinux1_x86_64.whl", hash = "sha256:6d30d755e9041a3380d85c1b2e09003f657c03a749fb02a3d36b191296f57f5d"},
    {file = "Fiona-1.8.13.post1.tar.gz", hash = "sha256:1a432bf9fd56f089256c010da009c90d4a795c531a848132c965052185336600"},
]
fsspec = [
    {file = "fsspec-0.8.0-py3-none-any.whl", hash = "sha256:ce109f41ffe62853d5de84888f3e455c39f2a0796c05b558474c77156e19b570"},
    {file = "fsspec-0.8.0.tar.gz", hash = "sha256:176f3fc405471af0f1f1e14cffa3d53ab8906577973d068b976114433c010d9d"},
]
future = [
    {file = "future-0.18.2.tar.gz", hash = "sha256:b1bead90b70cf6ec3f0710ae53a525360fa360d306a86583adc6bf83a4db537d"},
]
geojson = [
    {file = "geojson-2.5.0-py2.py3-none-any.whl", hash = "sha256:ccbd13368dd728f4e4f13ffe6aaf725b6e802c692ba0dde628be475040c534ba"},
    {file = "geojson-2.5.0.tar.gz", hash = "sha256:6e4bb7ace4226a45d9c8c8b1348b3fc43540658359f93c3f7e03efa9f15f658a"},
]
geopandas = [
    {file = "geopandas-0.6.3-py2.py3-none-any.whl", hash = "sha256:549eb60665ca49bd2ffd385e68672dce6242e4055b1a00e47fafe17e325324c6"},
    {file = "geopandas-0.6.3.tar.gz", hash = "sha256:af24c2c298e26b0e7bca438838894219e466aeeec5cb8fab7cbad8444cddee32"},
]
idna = [
    {file = "idna-2.10-py2.py3-none-any.whl", hash = "sha256:b97d804b1e9b523befed77c48dacec60e6dcb0b5391d57af6a65a312a90648c0"},
    {file = "idna-2.10.tar.gz", hash = "sha256:b307872f855b18632ce0c21c5e45be78c0ea7ae4c15c828c20788b26921eb3f6"},
]
jmespath = [
    {file = "jmespath-0.9.5-py2.py3-none-any.whl", hash = "sha256:695cb76fa78a10663425d5b73ddc5714eb711157e52704d69be03b1a02ba4fec"},
    {file = "jmespath-0.9.5.tar.gz", hash = "sha256:cca55c8d153173e21baa59983015ad0daf603f9cb799904ff057bfb8ff8dc2d9"},
]
llvmlite = [
    {file = "llvmlite-0.34.0-cp36-cp36m-macosx_10_9_x86_64.whl", hash = "sha256:11342e5ac320c953590bdd9d0dec8c52f4b5252c4c6335ba25f1e7b9f91f9325"},
    {file = "llvmlite-0.34.0-cp36-cp36m-manylinux2010_i686.whl", hash = "sha256:5bdf0ce430adfaf938ced5844d12f80616eb8321b5b9edfc45ef84ada5c5242c"},
    {file = "llvmlite-0.34.0-cp36-cp36m-manylinux2010_x86_64.whl", hash = "sha256:e08d9d2dc5a31636bfc6b516d2d7daba95632afa3419eb8730dc76a7951e9558"},
    {file = "llvmlite-0.34.0-cp36-cp36m-win32.whl", hash = "sha256:9ff1dcdad03be0cf953aca5fc8cffdca25ccee2ec9e8ec7e95571722cdc02d55"},
    {file = "llvmlite-0.34.0-cp36-cp36m-win_amd64.whl", hash = "sha256:5acdc3c3c7ea0ef7a1a6b442272e05d695bc8492e5b07666135ed1cfbf4ab9d2"},
    {file = "llvmlite-0.34.0-cp37-cp37m-macosx_10_9_x86_64.whl", hash = "sha256:bb96989bc57a1ccb131e7a0e061d07b68139b6f81a98912345d53d9239e231e1"},
    {file = "llvmlite-0.34.0-cp37-cp37m-manylinux2010_i686.whl", hash = "sha256:6d3f81992f52a94077e7b9b16497029daf5b5eebb2cce56f3c8345bbc9c6308e"},
    {file = "llvmlite-0.34.0-cp37-cp37m-manylinux2010_x86_64.whl", hash = "sha256:d841248d1c630426c93e3eb3f8c45bca0dab77c09faeb7553b1a500220e362ce"},
    {file = "llvmlite-0.34.0-cp37-cp37m-win32.whl", hash = "sha256:408b15ffec30696406e821c89da010f1bb1eb0aa572be4561c98eb2536d610ab"},
    {file = "llvmlite-0.34.0-cp37-cp37m-win_amd64.whl", hash = "sha256:5d1f370bf150db7239204f09cf6a0603292ea28bac984e69b167e16fe160d803"},
    {file = "llvmlite-0.34.0-cp38-cp38-macosx_10_9_x86_64.whl", hash = "sha256:132322bc084abf336c80dd106f9357978c8c085911fb656898d3be0d9ff057ea"},
    {file = "llvmlite-0.34.0-cp38-cp38-manylinux2010_i686.whl", hash = "sha256:8f344102745fceba6eb5bf03c228bb290e9bc79157e9506a4a72878d636f9b3c"},
    {file = "llvmlite-0.34.0-cp38-cp38-manylinux2010_x86_64.whl", hash = "sha256:05253f3f44fab0148276335b2c1b2c4a78143dfa78e6bafd7f937d6248f297cc"},
    {file = "llvmlite-0.34.0-cp38-cp38-win32.whl", hash = "sha256:28264f9e2b3df4135cbcfca5a91c5b0b31dd3fc02fa623b4bb13327f0cd4fc80"},
    {file = "llvmlite-0.34.0-cp38-cp38-win_amd64.whl", hash = "sha256:964f8f7a2184963cb3617d057c2382575953e488b7bb061b632ee014cfef110a"},
    {file = "llvmlite-0.34.0.tar.gz", hash = "sha256:f03ee0d19bca8f2fe922bb424a909d05c28411983b0c2bc58b020032a0d11f63"},
]
munch = [
    {file = "munch-2.5.0-py2.py3-none-any.whl", hash = "sha256:6f44af89a2ce4ed04ff8de41f70b226b984db10a91dcc7b9ac2efc1c77022fdd"},
    {file = "munch-2.5.0.tar.gz", hash = "sha256:2d735f6f24d4dba3417fa448cae40c6e896ec1fdab6cdb5e6510999758a4dbd2"},
]
numba = [
    {file = "numba-0.51.0-cp36-cp36m-macosx_10_14_x86_64.whl", hash = "sha256:1affe3d31485a7d92d6871332d7bbee0e0d285efa141b00865ed4ca97b63ea86"},
    {file = "numba-0.51.0-cp36-cp36m-manylinux2014_i686.whl", hash = "sha256:d32fa103be636193e3448095e31f4be3846154ee4e0493c8a38c0fc37bc36d55"},
    {file = "numba-0.51.0-cp36-cp36m-manylinux2014_x86_64.whl", hash = "sha256:39ada7960a7b9318a09dc037d8256a11db23dfbe7b46c54b970481ab7215489a"},
    {file = "numba-0.51.0-cp36-cp36m-win32.whl", hash = "sha256:e622dbcbae54250724fe8a6e229adc5e6ad209a9b80acd64c76f3fec36afcbad"},
    {file = "numba-0.51.0-cp36-cp36m-win_amd64.whl", hash = "sha256:ecd828afab28361a7345951ac535f6056083239c300024d1a0db9d94b6214872"},
    {file = "numba-0.51.0-cp37-cp37m-macosx_10_14_x86_64.whl", hash = "sha256:e384b779b5be597bebd6bd2c42797e8a7847c267c9ceb3e31db8e3b0bc59ea1e"},
    {file = "numba-0.51.0-cp37-cp37m-manylinux2014_i686.whl", hash = "sha256:1bc53cb30eac255413464b2783ef1c727e42055bc24cbb8e3352852d1e2459a8"},
    {file = "numba-0.51.0-cp37-cp37m-manylinux2014_x86_64.whl", hash = "sha256:fe63774d562357498242f30ec0f400b690a328f18c1a76db7359c5ff1176e8e9"},
    {file = "numba-0.51.0-cp37-cp37m-win32.whl", hash = "sha256:6149c7251eb5ded3eef4cdefb5b98d0b34cb4359d1f59add4dfab4a6e2b4cc3f"},
    {file = "numba-0.51.0-cp37-cp37m-win_amd64.whl", hash = "sha256:2c58654477c3d2c908574aa3b4ad1b97be71fe8a80320eafee2c032e71c09d15"},
    {file = "numba-0.51.0-cp38-cp38-macosx_10_14_x86_64.whl", hash = "sha256:38d39c31eadb7e05b62630449bb478d37cf336426ec9b75ed83b760844cf297d"},
    {file = "numba-0.51.0-cp38-cp38-manylinux2014_i686.whl", hash = "sha256:4dd99aa674f448da6a79565ddd139d8f5bec66e6d882c88e88e5263066f2738d"},
    {file = "numba-0.51.0-cp38-cp38-manylinux2014_x86_64.whl", hash = "sha256:95b155f6186533ca55a798fca9175311cedd859bb0a9e87bffd0a554da41ebf0"},
    {file = "numba-0.51.0-cp38-cp38-win32.whl", hash = "sha256:333535322edf2841ef42ff59f396f79ea6ae44a0738ff2cc8c257c8f0e6d32a5"},
    {file = "numba-0.51.0-cp38-cp38-win_amd64.whl", hash = "sha256:1287def88b1d5b04b6fcaec3f78d1d938df9554692f8d7c47dc78335db9976e6"},
    {file = "numba-0.51.0.tar.gz", hash = "sha256:da57ef00bc814bf54446fb3f8c0374557a7476e40279ceabefd9f12b05cc3c0c"},
]
numpy = [
    {file = "numpy-1.19.1-cp36-cp36m-macosx_10_9_x86_64.whl", hash = "sha256:b1cca51512299841bf69add3b75361779962f9cee7d9ee3bb446d5982e925b69"},
    {file = "numpy-1.19.1-cp36-cp36m-manylinux1_i686.whl", hash = "sha256:c9591886fc9cbe5532d5df85cb8e0cc3b44ba8ce4367bd4cf1b93dc19713da72"},
    {file = "numpy-1.19.1-cp36-cp36m-manylinux1_x86_64.whl", hash = "sha256:cf1347450c0b7644ea142712619533553f02ef23f92f781312f6a3553d031fc7"},
    {file = "numpy-1.19.1-cp36-cp36m-manylinux2010_i686.whl", hash = "sha256:ed8a311493cf5480a2ebc597d1e177231984c818a86875126cfd004241a73c3e"},
    {file = "numpy-1.19.1-cp36-cp36m-manylinux2010_x86_64.whl", hash = "sha256:3673c8b2b29077f1b7b3a848794f8e11f401ba0b71c49fbd26fb40b71788b132"},
    {file = "numpy-1.19.1-cp36-cp36m-manylinux2014_aarch64.whl", hash = "sha256:56ef7f56470c24bb67fb43dae442e946a6ce172f97c69f8d067ff8550cf782ff"},
    {file = "numpy-1.19.1-cp36-cp36m-win32.whl", hash = "sha256:aaf42a04b472d12515debc621c31cf16c215e332242e7a9f56403d814c744624"},
    {file = "numpy-1.19.1-cp36-cp36m-win_amd64.whl", hash = "sha256:082f8d4dd69b6b688f64f509b91d482362124986d98dc7dc5f5e9f9b9c3bb983"},
    {file = "numpy-1.19.1-cp37-cp37m-macosx_10_9_x86_64.whl", hash = "sha256:e4f6d3c53911a9d103d8ec9518190e52a8b945bab021745af4939cfc7c0d4a9e"},
    {file = "numpy-1.19.1-cp37-cp37m-manylinux1_i686.whl", hash = "sha256:5b6885c12784a27e957294b60f97e8b5b4174c7504665333c5e94fbf41ae5d6a"},
    {file = "numpy-1.19.1-cp37-cp37m-manylinux1_x86_64.whl", hash = "sha256:1bc0145999e8cb8aed9d4e65dd8b139adf1919e521177f198529687dbf613065"},
    {file = "numpy-1.19.1-cp37-cp37m-manylinux2010_i686.whl", hash = "sha256:5a936fd51049541d86ccdeef2833cc89a18e4d3808fe58a8abeb802665c5af93"},
    {file = "numpy-1.19.1-cp37-cp37m-manylinux2010_x86_64.whl", hash = "sha256:ef71a1d4fd4858596ae80ad1ec76404ad29701f8ca7cdcebc50300178db14dfc"},
    {file = "numpy-1.19.1-cp37-cp37m-manylinux2014_aarch64.whl", hash = "sha256:b9792b0ac0130b277536ab8944e7b754c69560dac0415dd4b2dbd16b902c8954"},
    {file = "numpy-1.19.1-cp37-cp37m-win32.whl", hash = "sha256:b12e639378c741add21fbffd16ba5ad25c0a1a17cf2b6fe4288feeb65144f35b"},
    {file = "numpy-1.19.1-cp37-cp37m-win_amd64.whl", hash = "sha256:8343bf67c72e09cfabfab55ad4a43ce3f6bf6e6ced7acf70f45ded9ebb425055"},
    {file = "numpy-1.19.1-cp38-cp38-macosx_10_9_x86_64.whl", hash = "sha256:e45f8e981a0ab47103181773cc0a54e650b2aef8c7b6cd07405d0fa8d869444a"},
    {file = "numpy-1.19.1-cp38-cp38-manylinux1_i686.whl", hash = "sha256:667c07063940e934287993366ad5f56766bc009017b4a0fe91dbd07960d0aba7"},
    {file = "numpy-1.19.1-cp38-cp38-manylinux1_x86_64.whl", hash = "sha256:480fdd4dbda4dd6b638d3863da3be82873bba6d32d1fc12ea1b8486ac7b8d129"},
    {file = "numpy-1.19.1-cp38-cp38-manylinux2010_i686.whl", hash = "sha256:935c27ae2760c21cd7354402546f6be21d3d0c806fffe967f745d5f2de5005a7"},
    {file = "numpy-1.19.1-cp38-cp38-manylinux2010_x86_64.whl", hash = "sha256:309cbcfaa103fc9a33ec16d2d62569d541b79f828c382556ff072442226d1968"},
    {file = "numpy-1.19.1-cp38-cp38-manylinux2014_aarch64.whl", hash = "sha256:7ed448ff4eaffeb01094959b19cbaf998ecdee9ef9932381420d514e446601cd"},
    {file = "numpy-1.19.1-cp38-cp38-win32.whl", hash = "sha256:de8b4a9b56255797cbddb93281ed92acbc510fb7b15df3f01bd28f46ebc4edae"},
    {file = "numpy-1.19.1-cp38-cp38-win_amd64.whl", hash = "sha256:92feb989b47f83ebef246adabc7ff3b9a59ac30601c3f6819f8913458610bdcc"},
    {file = "numpy-1.19.1-pp36-pypy36_pp73-manylinux2010_x86_64.whl", hash = "sha256:e1b1dc0372f530f26a03578ac75d5e51b3868b9b76cd2facba4c9ee0eb252ab1"},
    {file = "numpy-1.19.1.zip", hash = "sha256:b8456987b637232602ceb4d663cb34106f7eb780e247d51a260b84760fd8f491"},
]
packaging = [
    {file = "packaging-20.4-py2.py3-none-any.whl", hash = "sha256:998416ba6962ae7fbd6596850b80e17859a5753ba17c32284f67bfff33784181"},
    {file = "packaging-20.4.tar.gz", hash = "sha256:4357f74f47b9c12db93624a82154e9b120fa8293699949152b22065d556079f8"},
]
pandas = [
    {file = "pandas-0.25.3-cp35-cp35m-macosx_10_6_intel.whl", hash = "sha256:df8864824b1fe488cf778c3650ee59c3a0d8f42e53707de167ba6b4f7d35f133"},
    {file = "pandas-0.25.3-cp35-cp35m-manylinux1_i686.whl", hash = "sha256:7458c48e3d15b8aaa7d575be60e1e4dd70348efcd9376656b72fecd55c59a4c3"},
    {file = "pandas-0.25.3-cp35-cp35m-manylinux1_x86_64.whl", hash = "sha256:61741f5aeb252f39c3031d11405305b6d10ce663c53bc3112705d7ad66c013d0"},
    {file = "pandas-0.25.3-cp35-cp35m-win32.whl", hash = "sha256:adc3d3a3f9e59a38d923e90e20c4922fc62d1e5a03d083440468c6d8f3f1ae0a"},
    {file = "pandas-0.25.3-cp35-cp35m-win_amd64.whl", hash = "sha256:975c461accd14e89d71772e89108a050fa824c0b87a67d34cedf245f6681fc17"},
    {file = "pandas-0.25.3-cp36-cp36m-macosx_10_9_x86_64.whl", hash = "sha256:ee50c2142cdcf41995655d499a157d0a812fce55c97d9aad13bc1eef837ed36c"},
    {file = "pandas-0.25.3-cp36-cp36m-manylinux1_i686.whl", hash = "sha256:4545467a637e0e1393f7d05d61dace89689ad6d6f66f267f86fff737b702cce9"},
    {file = "pandas-0.25.3-cp36-cp36m-manylinux1_x86_64.whl", hash = "sha256:bbe3eb765a0b1e578833d243e2814b60c825b7fdbf4cdfe8e8aae8a08ed56ecf"},
    {file = "pandas-0.25.3-cp36-cp36m-win32.whl", hash = "sha256:8153705d6545fd9eb6dd2bc79301bff08825d2e2f716d5dced48daafc2d0b81f"},
    {file = "pandas-0.25.3-cp36-cp36m-win_amd64.whl", hash = "sha256:26382aab9c119735908d94d2c5c08020a4a0a82969b7e5eefb92f902b3b30ad7"},
    {file = "pandas-0.25.3-cp37-cp37m-macosx_10_9_x86_64.whl", hash = "sha256:00dff3a8e337f5ed7ad295d98a31821d3d0fe7792da82d78d7fd79b89c03ea9d"},
    {file = "pandas-0.25.3-cp37-cp37m-manylinux1_x86_64.whl", hash = "sha256:e45055c30a608076e31a9fcd780a956ed3b1fa20db61561b8d88b79259f526f7"},
    {file = "pandas-0.25.3-cp37-cp37m-win32.whl", hash = "sha256:255920e63850dc512ce356233081098554d641ba99c3767dde9e9f35630f994b"},
    {file = "pandas-0.25.3-cp37-cp37m-win_amd64.whl", hash = "sha256:22361b1597c8c2ffd697aa9bf85423afa9e1fcfa6b1ea821054a244d5f24d75e"},
    {file = "pandas-0.25.3-cp38-cp38-macosx_10_9_x86_64.whl", hash = "sha256:9962957a27bfb70ab64103d0a7b42fa59c642fb4ed4cb75d0227b7bb9228535d"},
    {file = "pandas-0.25.3-cp38-cp38-manylinux1_x86_64.whl", hash = "sha256:78bf638993219311377ce9836b3dc05f627a666d0dbc8cec37c0ff3c9ada673b"},
    {file = "pandas-0.25.3-cp38-cp38-win32.whl", hash = "sha256:6a3ac2c87e4e32a969921d1428525f09462770c349147aa8e9ab95f88c71ec71"},
    {file = "pandas-0.25.3-cp38-cp38-win_amd64.whl", hash = "sha256:33970f4cacdd9a0ddb8f21e151bfb9f178afb7c36eb7c25b9094c02876f385c2"},
    {file = "pandas-0.25.3.tar.gz", hash = "sha256:52da74df8a9c9a103af0a72c9d5fdc8e0183a90884278db7f386b5692a2220a4"},
]
pyarrow = [
    {file = "pyarrow-1.0.1-cp35-cp35m-macosx_10_9_intel.whl", hash = "sha256:d58ef5bbf548ffa0ec61d37bb95b1ebdf4209e5c8579b53213cf1d9bd804bfe9"},
    {file = "pyarrow-1.0.1-cp35-cp35m-manylinux1_x86_64.whl", hash = "sha256:0ec631db5c268acc25016278d253584dffc93a0dd44c07847f2477d6eb5b89d5"},
    {file = "pyarrow-1.0.1-cp35-cp35m-manylinux2010_x86_64.whl", hash = "sha256:bb2b1fcfa031ffcade63d0225a995a05d907873cc2dd18af14bc409360c8a12e"},
    {file = "pyarrow-1.0.1-cp35-cp35m-manylinux2014_x86_64.whl", hash = "sha256:5851b050e5aaba261cab0beef8aca868381b9e199b6b7792726370ef53699da8"},
    {file = "pyarrow-1.0.1-cp35-cp35m-win_amd64.whl", hash = "sha256:89f9b49bdf9541b6f680c880100513d4db555ef819d8ad4b5ec09a98f6c7ad89"},
    {file = "pyarrow-1.0.1-cp36-cp36m-macosx_10_9_intel.whl", hash = "sha256:11624d5ecd4304ac2d474d8ae15abc9f5d5222e37af80ea94fd00d2317467124"},
    {file = "pyarrow-1.0.1-cp36-cp36m-manylinux1_x86_64.whl", hash = "sha256:906e3d56a5f3d3132862b698f61204469995e1cab38ec2c52079cc4b06da0eda"},
    {file = "pyarrow-1.0.1-cp36-cp36m-manylinux2010_x86_64.whl", hash = "sha256:3a03d1f69213b28b8ae4fd10e38fca95b2aa8f2a35f8a5522c38b32821714314"},
    {file = "pyarrow-1.0.1-cp36-cp36m-manylinux2014_x86_64.whl", hash = "sha256:fa9b2e9bad64901e62f981d20386b76c625f9535a769251b07c9fc9726fbebfb"},
    {file = "pyarrow-1.0.1-cp36-cp36m-win_amd64.whl", hash = "sha256:f518a8927bc5a04927f75a191e34747667a36016f671ded0dc6a53509e7fdab5"},
    {file = "pyarrow-1.0.1-cp37-cp37m-macosx_10_9_intel.whl", hash = "sha256:c7b8b4f7b347f34c1a4b31bb3b00979596fa531b4369bb60b8a5da916a9ff870"},
    {file = "pyarrow-1.0.1-cp37-cp37m-manylinux1_x86_64.whl", hash = "sha256:94ac972effa16319a21c9ba73e61dfcd36820dda9126edd290ec6aff0fdb4865"},
    {file = "pyarrow-1.0.1-cp37-cp37m-manylinux2010_x86_64.whl", hash = "sha256:025242d8d7cf3dba24a56d970e74d4509cf66122da84d3f50fcf43820afac1c8"},
    {file = "pyarrow-1.0.1-cp37-cp37m-manylinux2014_x86_64.whl", hash = "sha256:a3c2364df15c0a7d9a9c985aefbf17bb81a17652f290982fb8b01d822daf441b"},
    {file = "pyarrow-1.0.1-cp37-cp37m-win_amd64.whl", hash = "sha256:100e6976255d3d68f9bc0c2cf2950ba794f375de19b38f3a39527784efde4719"},
    {file = "pyarrow-1.0.1-cp38-cp38-macosx_10_9_x86_64.whl", hash = "sha256:f8c2d13aa83696092c71f0f01266a3d5ddb160096f0b36fd41ebba226ee2a2bf"},
    {file = "pyarrow-1.0.1-cp38-cp38-manylinux1_x86_64.whl", hash = "sha256:ae57de9d95475176fded6e514830a98559c4dd477d9ee13f2cf8894acffe54ed"},
    {file = "pyarrow-1.0.1-cp38-cp38-manylinux2010_x86_64.whl", hash = "sha256:f181d732f802746ba9d754a20640c5f4790c4476d4ce8919f2a820c5a93a0553"},
    {file = "pyarrow-1.0.1-cp38-cp38-manylinux2014_x86_64.whl", hash = "sha256:0f95821b5b60e6da151ebf287e653f873334763ceab7338285fec7559216f888"},
    {file = "pyarrow-1.0.1-cp38-cp38-win_amd64.whl", hash = "sha256:6cfa927b7ab068146dc4e7055e6857b087c0abe2f6b08d784c94e229ca430d3c"},
    {file = "pyarrow-1.0.1.tar.gz", hash = "sha256:0b67124beb16dcd47b4cd7a8bac989826aee6eac6a280066476b7289206b1175"},
]
pycrs = [
    {file = "PyCRS-1.0.2.tar.gz", hash = "sha256:3a8cccd92024d813ab81811857f61cddb6ab2f4a1e784595c8dcd6a3a6fd7779"},
]
pyparsing = [
    {file = "pyparsing-2.4.7-py2.py3-none-any.whl", hash = "sha256:ef9d7589ef3c200abe66653d3f1ab1033c3c419ae9b9bdb1240a85b024efc88b"},
    {file = "pyparsing-2.4.7.tar.gz", hash = "sha256:c203ec8783bf771a155b207279b9bccb8dea02d8f0c9e5f8ead507bc3246ecc1"},
]
pyproj = [
    {file = "pyproj-2.4.2-cp35-cp35m-macosx_10_6_intel.whl", hash = "sha256:ab49b7496fd871c96b67a78a5293702dcb87f20782003b862cd93c287713de39"},
    {file = "pyproj-2.4.2-cp35-cp35m-manylinux1_i686.whl", hash = "sha256:9d8713053f76939a7cbdab2c05df57ee1b36687ca780c4bedfb7e99c4f10f8a4"},
    {file = "pyproj-2.4.2-cp35-cp35m-manylinux1_x86_64.whl", hash = "sha256:f4ff60adfc6643395c2be98b8b66845bce71716db871a60d23f734195309b1de"},
    {file = "pyproj-2.4.2-cp35-cp35m-manylinux2010_x86_64.whl", hash = "sha256:4e2a4be61a9e911f0c1f278adc7454676f2284c5c920cd8963af09e77b977641"},
    {file = "pyproj-2.4.2-cp36-cp36m-macosx_10_6_intel.whl", hash = "sha256:163d94acdadb1d97a96e1e015480fccdd690ae94ea8d802c332bab58ee65053c"},
    {file = "pyproj-2.4.2-cp36-cp36m-manylinux1_i686.whl", hash = "sha256:10137016ad762afadd9b57e29496ed739acb966addb9a33f7fbf6370a80c4077"},
    {file = "pyproj-2.4.2-cp36-cp36m-manylinux1_x86_64.whl", hash = "sha256:2a14adc82fc4a25448edf64f1070ef888f358b33f245eab5304238a39ee2045d"},
    {file = "pyproj-2.4.2-cp36-cp36m-manylinux2010_x86_64.whl", hash = "sha256:69faae5cba8ea02e5966ed7bc7cf065688ffbea2387043959365066c4f03b875"},
    {file = "pyproj-2.4.2-cp37-cp37m-macosx_10_6_intel.whl", hash = "sha256:642d2037a6c46e485933af9f6ff731b7f3cc67d48f7320186b72cad11f9e82cf"},
    {file = "pyproj-2.4.2-cp37-cp37m-manylinux1_i686.whl", hash = "sha256:ce250a824a5662039b120d253d0aa17899225c79e213f5894eb88305ff5d30d4"},
    {file = "pyproj-2.4.2-cp37-cp37m-manylinux1_x86_64.whl", hash = "sha256:592858c5ab073befbb174b9c487065a4cb46e43aed6ec39174d22df8c4855a27"},
    {file = "pyproj-2.4.2-cp37-cp37m-manylinux2010_x86_64.whl", hash = "sha256:d541660d9d2e41b4df5a8d7f84cd2d4a15e75494c6731a3ca49c935bc3d28c45"},
    {file = "pyproj-2.4.2-cp38-cp38-macosx_10_9_x86_64.whl", hash = "sha256:952d2a0878ec446ef27f6a5ec0ab84bb31d9ebbc60658021b9fc0fff8c49fdec"},
    {file = "pyproj-2.4.2-cp38-cp38-manylinux1_i686.whl", hash = "sha256:084d0daa5b48f1088f0bfacfe4d6a4d021a44677240dd579c286d6ef03bbb315"},
    {file = "pyproj-2.4.2-cp38-cp38-manylinux1_x86_64.whl", hash = "sha256:b1a2548afaafb9ffb03a8c7b2f092ec97edfa7732d89417a9ea8874a897f276e"},
    {file = "pyproj-2.4.2-cp38-cp38-manylinux2010_x86_64.whl", hash = "sha256:35dfa486ec9fa24112c402a6d9f0cfecfe5b74b9ba8da36200ea5b07635fb757"},
    {file = "pyproj-2.4.2.tar.gz", hash = "sha256:2821f7fdfe4d2c5916e71f80d0f4029d82785f477a11223e70de2db39a1f26dd"},
]
python-dateutil = [
    {file = "python-dateutil-2.8.1.tar.gz", hash = "sha256:73ebfe9dbf22e832286dafa60473e4cd239f8592f699aa5adaf10050e6e1823c"},
    {file = "python_dateutil-2.8.1-py2.py3-none-any.whl", hash = "sha256:75bb3f31ea686f1197762692a9ee6a7550b59fc6ca3a1f4b5d7e32fb98e2da2a"},
]
pytz = [
    {file = "pytz-2020.1-py2.py3-none-any.whl", hash = "sha256:a494d53b6d39c3c6e44c3bec237336e14305e4f29bbf800b599253057fbb79ed"},
    {file = "pytz-2020.1.tar.gz", hash = "sha256:c35965d010ce31b23eeb663ed3cc8c906275d6be1a34393a1d73a41febf4a048"},
]
rasterio = [
    {file = "rasterio-1.1.2-cp27-cp27m-macosx_10_6_intel.whl", hash = "sha256:47b5e800ed431c841bc8146a018c6872fe55694bc43a45b6d2ad8f29f3357388"},
    {file = "rasterio-1.1.2-cp27-cp27mu-manylinux1_x86_64.whl", hash = "sha256:45a7d495e7f1b1fb5530371f8a8b949a0feb4148811d520f86298604f98c9329"},
    {file = "rasterio-1.1.2-cp35-cp35m-macosx_10_6_intel.whl", hash = "sha256:2284d1045f4ba51b2dae24748e090f16d38480009ca0bf858028787a0928d810"},
    {file = "rasterio-1.1.2-cp35-cp35m-manylinux1_x86_64.whl", hash = "sha256:a583599afa9d206888e9e70a7f0c02d97c9f31b95a178cc5b079d478b0936703"},
    {file = "rasterio-1.1.2-cp36-cp36m-macosx_10_6_intel.whl", hash = "sha256:28c19cbdeeeb70dba4b0ef0e3229599ff9041c3ccede571997b1c26514fae6f0"},
    {file = "rasterio-1.1.2-cp36-cp36m-manylinux1_x86_64.whl", hash = "sha256:8ad7386250592040b4b43980cbe92698520ecbe00dc05caeb20a2fa79a974a0c"},
    {file = "rasterio-1.1.2-cp37-cp37m-macosx_10_6_intel.whl", hash = "sha256:ddfd917470d4feaa7f7d184fc72558f9bef5b0961ff65ef9a1e4f430589553a8"},
    {file = "rasterio-1.1.2-cp37-cp37m-manylinux1_x86_64.whl", hash = "sha256:5f948c90e62c2859592b1daa88fd64966bc863473fc0853d3054fdacc582db05"},
    {file = "rasterio-1.1.2-cp38-cp38-macosx_10_9_x86_64.whl", hash = "sha256:528643db9785d9734703b4c49cd4f5ae75995e30f841c91a5af99c0642e757a7"},
    {file = "rasterio-1.1.2-cp38-cp38-manylinux1_x86_64.whl", hash = "sha256:5cffe1d4fe6adbbfa4db07e49e95e920defc202874b5ad6da89ee10c955ddf7c"},
    {file = "rasterio-1.1.2.tar.gz", hash = "sha256:f6df894e37eefb408e4562ab9c14efcf027b0f5f279be5ff8b2105d03f2d3c37"},
]
rasterstats = [
    {file = "rasterstats-0.14.0-py3-none-any.whl", hash = "sha256:287b74d11739f8a0ced0b969a1fa6847fdb55d54278d90dfce75e93163f6623f"},
    {file = "rasterstats-0.14.0.tar.gz", hash = "sha256:b7b19c620934e8f7c81b1c5456ade63673831cd1e02c7361514b5bf1d08c23e4"},
]
requests = [
    {file = "requests-2.24.0-py2.py3-none-any.whl", hash = "sha256:fe75cc94a9443b9246fc7049224f75604b113c36acb93f87b80ed42c44cbb898"},
    {file = "requests-2.24.0.tar.gz", hash = "sha256:b3559a131db72c33ee969480840fff4bb6dd111de7dd27c8ee1f820f4f00231b"},
]
s2sphere = [
    {file = "s2sphere-0.2.5-py2.py3-none-any.whl", hash = "sha256:d2340c9cf458ddc9a89afd1d8048a4195ce6fa6b0095ab900d4be5271e537401"},
    {file = "s2sphere-0.2.5.tar.gz", hash = "sha256:c2478c1ff7c601a59a7151a57b605435897514578fa6bdb8730721c182adbbaf"},
]
s3fs = [
    {file = "s3fs-0.4.2-py3-none-any.whl", hash = "sha256:91c1dfb45e5217bd441a7a560946fe865ced6225ff7eb0fb459fe6e601a95ed3"},
    {file = "s3fs-0.4.2.tar.gz", hash = "sha256:2ca5de8dc18ad7ad350c0bd01aef0406aa5d0fff78a561f0f710f9d9858abdd0"},
]
s3transfer = [
    {file = "s3transfer-0.3.3-py2.py3-none-any.whl", hash = "sha256:2482b4259524933a022d59da830f51bd746db62f047d6eb213f2f8855dcb8a13"},
    {file = "s3transfer-0.3.3.tar.gz", hash = "sha256:921a37e2aefc64145e7b73d50c71bb4f26f46e4c9f414dc648c6245ff92cf7db"},
]
shapely = [
    {file = "Shapely-1.7.0-cp27-cp27m-macosx_10_9_x86_64.whl", hash = "sha256:11090bd5b5f11d54e1924a11198226971dab6f392c2e5a3c74514857f764b971"},
    {file = "Shapely-1.7.0-cp27-cp27mu-manylinux1_x86_64.whl", hash = "sha256:7554b1acd64a34d78189ab2f691bac967e0d9b38a4f345044552f9dcf3f92149"},
    {file = "Shapely-1.7.0-cp35-cp35m-macosx_10_6_intel.whl", hash = "sha256:a6c07b3b87455d107b0e4097889e9aba80a0812abf32a322a133af819b85d68a"},
    {file = "Shapely-1.7.0-cp35-cp35m-manylinux1_x86_64.whl", hash = "sha256:b845a97f8366cc4aca197c3b04304cc301d9250518123155732da6a0e0575b49"},
    {file = "Shapely-1.7.0-cp35-cp35m-win32.whl", hash = "sha256:50f96eb9993b6d841aac0addb84ea5f9da81c3fa97e1ec67c11964c8bb4fa0a5"},
    {file = "Shapely-1.7.0-cp35-cp35m-win_amd64.whl", hash = "sha256:640e8a82b5f69ccd14e7520dd66d1247cf362096586e663ef9b8098cc0cb272b"},
    {file = "Shapely-1.7.0-cp36-cp36m-macosx_10_9_x86_64.whl", hash = "sha256:7e9b01e89712fd988f931721fa36298e06a02eedf87fe7a7fd704d08f74c00f1"},
    {file = "Shapely-1.7.0-cp36-cp36m-manylinux1_x86_64.whl", hash = "sha256:1af407c58e7898a511ad01dc6e7c2099493071d939340553686b27513db6478e"},
    {file = "Shapely-1.7.0-cp36-cp36m-win32.whl", hash = "sha256:2a2d37105c1d6d936f829de6c1c4ec8d43484d7b8bae8493bdd4267140dce650"},
    {file = "Shapely-1.7.0-cp36-cp36m-win_amd64.whl", hash = "sha256:4acbd566544c33bbc58c7dd264638ff3b91a57d9b162693c37520ea60d13668d"},
    {file = "Shapely-1.7.0-cp37-cp37m-macosx_10_9_x86_64.whl", hash = "sha256:ae9a2da2b30c0b42029337854f78c71c28d285d254efd5f3be3700d997bfd18e"},
    {file = "Shapely-1.7.0-cp37-cp37m-manylinux1_x86_64.whl", hash = "sha256:29be7767a32df19e2186288cee63e539b386a35139524dc22eeceb244d0b092b"},
    {file = "Shapely-1.7.0-cp37-cp37m-win32.whl", hash = "sha256:9c62a9f7adceaa3110f2ec359c70dddd1640191609e91029e4d307e63fc8a5af"},
    {file = "Shapely-1.7.0-cp37-cp37m-win_amd64.whl", hash = "sha256:234c5424d61d8b263d6d20045f5f32437819627ca57c1ea0c08368013b49824b"},
    {file = "Shapely-1.7.0-cp38-cp38-macosx_10_9_x86_64.whl", hash = "sha256:cc0fb1851b59473d2fa2f257f1e35740875af3f402c4575b4115028234e6f2eb"},
    {file = "Shapely-1.7.0-cp38-cp38-manylinux1_x86_64.whl", hash = "sha256:2154b9f25c5f13785cb05ce80b2c86e542bc69671193743f29c9f4c791c35db3"},
    {file = "Shapely-1.7.0-cp38-cp38-win32.whl", hash = "sha256:f7eb83fb36755edcbeb76fb367104efdf980307536c38ef610cb2e1a321defe0"},
    {file = "Shapely-1.7.0-cp38-cp38-win_amd64.whl", hash = "sha256:3793b09cbd86fe297193b365cbaf58b2f7d1ddeb273213185b2ddbab360e54ae"},
    {file = "Shapely-1.7.0.tar.gz", hash = "sha256:e21a9fe1a416463ff11ae037766fe410526c95700b9e545372475d2361cc951e"},
]
simplejson = [
    {file = "simplejson-3.17.2-cp27-cp27m-macosx_10_13_x86_64.whl", hash = "sha256:2d3eab2c3fe52007d703a26f71cf649a8c771fcdd949a3ae73041ba6797cfcf8"},
    {file = "simplejson-3.17.2-cp27-cp27m-manylinux1_i686.whl", hash = "sha256:813846738277729d7db71b82176204abc7fdae2f566e2d9fcf874f9b6472e3e6"},
    {file = "simplejson-3.17.2-cp27-cp27m-manylinux1_x86_64.whl", hash = "sha256:292c2e3f53be314cc59853bd20a35bf1f965f3bc121e007ab6fd526ed412a85d"},
    {file = "simplejson-3.17.2-cp27-cp27m-manylinux2010_i686.whl", hash = "sha256:0dd9d9c738cb008bfc0862c9b8fa6743495c03a0ed543884bf92fb7d30f8d043"},
    {file = "simplejson-3.17.2-cp27-cp27m-manylinux2010_x86_64.whl", hash = "sha256:42b8b8dd0799f78e067e2aaae97e60d58a8f63582939af60abce4c48631a0aa4"},
    {file = "simplejson-3.17.2-cp27-cp27m-win32.whl", hash = "sha256:8042040af86a494a23c189b5aa0ea9433769cc029707833f261a79c98e3375f9"},
    {file = "simplejson-3.17.2-cp27-cp27m-win_amd64.whl", hash = "sha256:034550078a11664d77bc1a8364c90bb7eef0e44c2dbb1fd0a4d92e3997088667"},
    {file = "simplejson-3.17.2-cp27-cp27mu-manylinux1_i686.whl", hash = "sha256:fed0f22bf1313ff79c7fc318f7199d6c2f96d4de3234b2f12a1eab350e597c06"},
    {file = "simplejson-3.17.2-cp27-cp27mu-manylinux1_x86_64.whl", hash = "sha256:2e7b57c2c146f8e4dadf84977a83f7ee50da17c8861fd7faf694d55e3274784f"},
    {file = "simplejson-3.17.2-cp27-cp27mu-manylinux2010_i686.whl", hash = "sha256:da3c55cdc66cfc3fffb607db49a42448785ea2732f055ac1549b69dcb392663b"},
    {file = "simplejson-3.17.2-cp27-cp27mu-manylinux2010_x86_64.whl", hash = "sha256:c1cb29b1fced01f97e6d5631c3edc2dadb424d1f4421dad079cb13fc97acb42f"},
    {file = "simplejson-3.17.2-cp33-cp33m-win32.whl", hash = "sha256:8f713ea65958ef40049b6c45c40c206ab363db9591ff5a49d89b448933fa5746"},
    {file = "simplejson-3.17.2-cp33-cp33m-win_amd64.whl", hash = "sha256:344e2d920a7f27b4023c087ab539877a1e39ce8e3e90b867e0bfa97829824748"},
    {file = "simplejson-3.17.2-cp34-cp34m-win32.whl", hash = "sha256:05b43d568300c1cd43f95ff4bfcff984bc658aa001be91efb3bb21df9d6288d3"},
    {file = "simplejson-3.17.2-cp34-cp34m-win_amd64.whl", hash = "sha256:cff6453e25204d3369c47b97dd34783ca820611bd334779d22192da23784194b"},
    {file = "simplejson-3.17.2-cp35-cp35m-manylinux1_i686.whl", hash = "sha256:8acf76443cfb5c949b6e781c154278c059b09ac717d2757a830c869ba000cf8d"},
    {file = "simplejson-3.17.2-cp35-cp35m-manylinux1_x86_64.whl", hash = "sha256:869a183c8e44bc03be1b2bbcc9ec4338e37fa8557fc506bf6115887c1d3bb956"},
    {file = "simplejson-3.17.2-cp35-cp35m-manylinux2010_i686.whl", hash = "sha256:5c659a0efc80aaaba57fcd878855c8534ecb655a28ac8508885c50648e6e659d"},
    {file = "simplejson-3.17.2-cp35-cp35m-manylinux2010_x86_64.whl", hash = "sha256:72d8a3ffca19a901002d6b068cf746be85747571c6a7ba12cbcf427bfb4ed971"},
    {file = "simplejson-3.17.2-cp35-cp35m-manylinux2014_aarch64.whl", hash = "sha256:4b3442249d5e3893b90cb9f72c7d6ce4d2ea144d2c0d9f75b9ae1e5460f3121a"},
    {file = "simplejson-3.17.2-cp35-cp35m-win32.whl", hash = "sha256:e058c7656c44fb494a11443191e381355388443d543f6fc1a245d5d238544396"},
    {file = "simplejson-3.17.2-cp35-cp35m-win_amd64.whl", hash = "sha256:934115642c8ba9659b402c8bdbdedb48651fb94b576e3b3efd1ccb079609b04a"},
    {file = "simplejson-3.17.2-cp36-cp36m-macosx_10_13_x86_64.whl", hash = "sha256:ffd4e4877a78c84d693e491b223385e0271278f5f4e1476a4962dca6824ecfeb"},
    {file = "simplejson-3.17.2-cp36-cp36m-manylinux1_i686.whl", hash = "sha256:10fc250c3edea4abc15d930d77274ddb8df4803453dde7ad50c2f5565a18a4bb"},
    {file = "simplejson-3.17.2-cp36-cp36m-manylinux1_x86_64.whl", hash = "sha256:76ac9605bf2f6d9b56abf6f9da9047a8782574ad3531c82eae774947ae99cc3f"},
    {file = "simplejson-3.17.2-cp36-cp36m-manylinux2010_i686.whl", hash = "sha256:7f10f8ba9c1b1430addc7dd385fc322e221559d3ae49b812aebf57470ce8de45"},
    {file = "simplejson-3.17.2-cp36-cp36m-manylinux2010_x86_64.whl", hash = "sha256:bc00d1210567a4cdd215ac6e17dc00cb9893ee521cee701adfd0fa43f7c73139"},
    {file = "simplejson-3.17.2-cp36-cp36m-manylinux2014_aarch64.whl", hash = "sha256:af4868da7dd53296cd7630687161d53a7ebe2e63814234631445697bd7c29f46"},
    {file = "simplejson-3.17.2-cp36-cp36m-win32.whl", hash = "sha256:7d276f69bfc8c7ba6c717ba8deaf28f9d3c8450ff0aa8713f5a3280e232be16b"},
    {file = "simplejson-3.17.2-cp36-cp36m-win_amd64.whl", hash = "sha256:a55c76254d7cf8d4494bc508e7abb993a82a192d0db4552421e5139235604625"},
    {file = "simplejson-3.17.2-cp37-cp37m-macosx_10_14_x86_64.whl", hash = "sha256:9a2b7543559f8a1c9ed72724b549d8cc3515da7daf3e79813a15bdc4a769de25"},
    {file = "simplejson-3.17.2-cp37-cp37m-manylinux1_i686.whl", hash = "sha256:311f5dc2af07361725033b13cc3d0351de3da8bede3397d45650784c3f21fbcf"},
    {file = "simplejson-3.17.2-cp37-cp37m-manylinux1_x86_64.whl", hash = "sha256:2862beabfb9097a745a961426fe7daf66e1714151da8bb9a0c430dde3d59c7c0"},
    {file = "simplejson-3.17.2-cp37-cp37m-manylinux2010_i686.whl", hash = "sha256:afebfc3dd3520d37056f641969ce320b071bc7a0800639c71877b90d053e087f"},
    {file = "simplejson-3.17.2-cp37-cp37m-manylinux2010_x86_64.whl", hash = "sha256:d4813b30cb62d3b63ccc60dd12f2121780c7a3068db692daeb90f989877aaf04"},
    {file = "simplejson-3.17.2-cp37-cp37m-manylinux2014_aarch64.whl", hash = "sha256:3fabde09af43e0cbdee407555383063f8b45bfb52c361bc5da83fcffdb4fd278"},
    {file = "simplejson-3.17.2-cp37-cp37m-win32.whl", hash = "sha256:ceaa28a5bce8a46a130cd223e895080e258a88d51bf6e8de2fc54a6ef7e38c34"},
    {file = "simplejson-3.17.2-cp37-cp37m-win_amd64.whl", hash = "sha256:9551f23e09300a9a528f7af20e35c9f79686d46d646152a0c8fc41d2d074d9b0"},
    {file = "simplejson-3.17.2-cp38-cp38-macosx_10_14_x86_64.whl", hash = "sha256:c94dc64b1a389a416fc4218cd4799aa3756f25940cae33530a4f7f2f54f166da"},
    {file = "simplejson-3.17.2-cp38-cp38-manylinux1_i686.whl", hash = "sha256:b59aa298137ca74a744c1e6e22cfc0bf9dca3a2f41f51bc92eb05695155d905a"},
    {file = "simplejson-3.17.2-cp38-cp38-manylinux1_x86_64.whl", hash = "sha256:ad8f41c2357b73bc9e8606d2fa226233bf4d55d85a8982ecdfd55823a6959995"},
    {file = "simplejson-3.17.2-cp38-cp38-manylinux2010_i686.whl", hash = "sha256:845a14f6deb124a3bcb98a62def067a67462a000e0508f256f9c18eff5847efc"},
    {file = "simplejson-3.17.2-cp38-cp38-manylinux2010_x86_64.whl", hash = "sha256:d0b64409df09edb4c365d95004775c988259efe9be39697d7315c42b7a5e7e94"},
    {file = "simplejson-3.17.2-cp38-cp38-manylinux2014_aarch64.whl", hash = "sha256:55d65f9cc1b733d85ef95ab11f559cce55c7649a2160da2ac7a078534da676c8"},
    {file = "simplejson-3.17.2.tar.gz", hash = "sha256:75ecc79f26d99222a084fbdd1ce5aad3ac3a8bd535cd9059528452da38b68841"},
]
six = [
    {file = "six-1.14.0-py2.py3-none-any.whl", hash = "sha256:8f3cd2e254d8f793e7f3d6d9df77b92252b52637291d0f0da013c76ea2724b6c"},
    {file = "six-1.14.0.tar.gz", hash = "sha256:236bdbdce46e6e6a3d61a337c0f8b763ca1e8717c03b369e87a7ec7ce1319c0a"},
]
snuggs = [
    {file = "snuggs-1.4.7-py3-none-any.whl", hash = "sha256:988dde5d4db88e9d71c99457404773dabcc7a1c45971bfbe81900999942d9f07"},
    {file = "snuggs-1.4.7.tar.gz", hash = "sha256:501cf113fe3892e14e2fee76da5cd0606b7e149c411c271898e6259ebde2617b"},
]
thrift = [
    {file = "thrift-0.13.0.tar.gz", hash = "sha256:9af1c86bf73433afc6010ed376a6c6aca2b54099cc0d61895f640870a9ae7d89"},
]
urllib3 = [
    {file = "urllib3-1.25.9-py2.py3-none-any.whl", hash = "sha256:88206b0eb87e6d677d424843ac5209e3fb9d0190d0ee169599165ec25e9d9115"},
    {file = "urllib3-1.25.9.tar.gz", hash = "sha256:3018294ebefce6572a474f0604c2021e33b3fd8006ecd11d62107a5d2a963527"},
]
